
Microsoft Visual Studio Solution File, Format Version 12.00
# Visual Studio Version 17
VisualStudioVersion = 17.13.35828.75
MinimumVisualStudioVersion = 10.0.40219.1
Project("{FAE04EC0-301F-11D3-BF4B-00C04F79EFBC}") = "tarea", "U3Dprueba\tarea.csproj", "{F972DC2A-25F3-4B50-91D8-FE01439209D7}"
EndProject
Global
	GlobalSection(SolutionConfigurationPlatforms) = preSolution
		Debug|Any CPU = Debug|Any CPU
		Release|Any CPU = Release|Any CPU
	EndGlobalSection
	GlobalSection(ProjectConfigurationPlatforms) = postSolution
		{F972DC2A-25F3-4B50-91D8-FE01439209D7}.Debug|Any CPU.ActiveCfg = Debug|Any CPU
		{F972DC2A-25F3-4B50-91D8-FE01439209D7}.Debug|Any CPU.Build.0 = Debug|Any CPU
		{F972DC2A-25F3-4B50-91D8-FE01439209D7}.Release|Any CPU.ActiveCfg = Release|Any CPU
		{F972DC2A-25F3-4B50-91D8-FE01439209D7}.Release|Any CPU.Build.0 = Release|Any CPU
	EndGlobalSection
	GlobalSection(SolutionProperties) = preSolution
		HideSolutionNode = FALSE
	EndGlobalSection
	GlobalSection(ExtensibilityGlobals) = postSolution
		SolutionGuid = {82152C06-0312-41F9-A7EF-4CFEF218EB8D}
	EndGlobalSection
EndGlobal
